
Microsoft Visual Studio Solution File, Format Version 11.00
# Visual Studio 2010
Project("{FAE04EC0-301F-11D3-BF4B-00C04F79EFBC}") = "SimpleStore.Web", "SimpleStore.Web\SimpleStore.Web.csproj", "{79743DE5-E2E5-41D1-BF7C-4761B6CCEFC4}"
EndProject
Project("{FAE04EC0-301F-11D3-BF4B-00C04F79EFBC}") = "SimpleStore.Tests", "SimpleStore.Tests\SimpleStore.Tests.csproj", "{4F3EFC05-6C71-4857-8ED2-0F96515A1EE0}"
EndProject
Project("{FAE04EC0-301F-11D3-BF4B-00C04F79EFBC}") = "SimpleStore.Core", "SimpleStore.Core\SimpleStore.Core.csproj", "{CDBFE42E-17E4-4590-A60A-C7030C096A6B}"
EndProject
Project("{FAE04EC0-301F-11D3-BF4B-00C04F79EFBC}") = "SimpleStore.Data", "Simplestore.Data\SimpleStore.Data.csproj", "{4B039F7D-0AC2-4F79-93BA-C52B40331B55}"
EndProject
Global
	GlobalSection(SolutionConfigurationPlatforms) = preSolution
		Debug|Any CPU = Debug|Any CPU
		Release|Any CPU = Release|Any CPU
	EndGlobalSection
	GlobalSection(ProjectConfigurationPlatforms) = postSolution
		{79743DE5-E2E5-41D1-BF7C-4761B6CCEFC4}.Debug|Any CPU.ActiveCfg = Debug|Any CPU
		{79743DE5-E2E5-41D1-BF7C-4761B6CCEFC4}.Debug|Any CPU.Build.0 = Debug|Any CPU
		{79743DE5-E2E5-41D1-BF7C-4761B6CCEFC4}.Release|Any CPU.ActiveCfg = Release|Any CPU
		{79743DE5-E2E5-41D1-BF7C-4761B6CCEFC4}.Release|Any CPU.Build.0 = Release|Any CPU
		{4F3EFC05-6C71-4857-8ED2-0F96515A1EE0}.Debug|Any CPU.ActiveCfg = Debug|Any CPU
		{4F3EFC05-6C71-4857-8ED2-0F96515A1EE0}.Debug|Any CPU.Build.0 = Debug|Any CPU
		{4F3EFC05-6C71-4857-8ED2-0F96515A1EE0}.Release|Any CPU.ActiveCfg = Release|Any CPU
		{4F3EFC05-6C71-4857-8ED2-0F96515A1EE0}.Release|Any CPU.Build.0 = Release|Any CPU
		{CDBFE42E-17E4-4590-A60A-C7030C096A6B}.Debug|Any CPU.ActiveCfg = Debug|Any CPU
		{CDBFE42E-17E4-4590-A60A-C7030C096A6B}.Debug|Any CPU.Build.0 = Debug|Any CPU
		{CDBFE42E-17E4-4590-A60A-C7030C096A6B}.Release|Any CPU.ActiveCfg = Release|Any CPU
		{CDBFE42E-17E4-4590-A60A-C7030C096A6B}.Release|Any CPU.Build.0 = Release|Any CPU
		{4B039F7D-0AC2-4F79-93BA-C52B40331B55}.Debug|Any CPU.ActiveCfg = Debug|Any CPU
		{4B039F7D-0AC2-4F79-93BA-C52B40331B55}.Debug|Any CPU.Build.0 = Debug|Any CPU
		{4B039F7D-0AC2-4F79-93BA-C52B40331B55}.Release|Any CPU.ActiveCfg = Release|Any CPU
		{4B039F7D-0AC2-4F79-93BA-C52B40331B55}.Release|Any CPU.Build.0 = Release|Any CPU
	EndGlobalSection
	GlobalSection(SolutionProperties) = preSolution
		HideSolutionNode = FALSE
	EndGlobalSection
EndGlobal
